PODS:
  - city_pickers (0.0.1):
    - Flutter
  - facebook_app_events (0.0.1):
    - FBSDKCoreKit (~> 8.2.0)
    - Flutter
  - FBSDKCoreKit (8.2.0):
    - FBSDKCoreKit/Basics (= 8.2.0)
    - FBSDKCoreKit/Core (= 8.2.0)
  - FBSDKCoreKit/Basics (8.2.0)
  - FBSDKCoreKit/Core (8.2.0):
    - FBSDKCoreKit/Basics
  - Flutter (1.0.0)
  - FMDB (2.7.5):
    - FMDB/standard (= 2.7.5)
  - FMDB/standard (2.7.5)
  - image_picker (0.0.1):
    - Flutter
  - JCore (2.1.4)
  - JPush (3.2.6):
    - JCore (< 3.0.0, >= 2.0.0)
  - jpush_flutter (0.0.2):
    - Flutter
    - JPush
  - path_provider (0.0.1):
    - Flutter
  - share (0.5.2):
    - Flutter
  - shared_preferences (0.0.1):
    - Flutter
  - sqflite (0.0.1):
    - Flutter
    - FMDB (~> 2.7.2)
  - Stripe (19.0.1)
  - stripe_payment (1.0.0):
    - Flutter
    - Stripe (>= 18.0.0)
  - uni_links (0.0.1):
    - Flutter
  - url_launcher (0.0.1):
    - Flutter

DEPENDENCIES:
  - city_pickers (from `.symlinks/plugins/city_pickers/ios`)
  - facebook_app_events (from `.symlinks/plugins/facebook_app_events/ios`)
  - Flutter (from `Flutter`)
  - image_picker (from `.symlinks/plugins/image_picker/ios`)
  - jpush_flutter (from `.symlinks/plugins/jpush_flutter/ios`)
  - path_provider (from `.symlinks/plugins/path_provider/ios`)
  - share (from `.symlinks/plugins/share/ios`)
  - shared_preferences (from `.symlinks/plugins/shared_preferences/ios`)
  - sqflite (from `.symlinks/plugins/sqflite/ios`)
  - stripe_payment (from `.symlinks/plugins/stripe_payment/ios`)
  - uni_links (from `.symlinks/plugins/uni_links/ios`)
  - url_launcher (from `.symlinks/plugins/url_launcher/ios`)

SPEC REPOS:
  trunk:
    - FBSDKCoreKit
    - FMDB
    - JCore
    - JPush
    - Stripe

EXTERNAL SOURCES:
  city_pickers:
    :path: ".symlinks/plugins/city_pickers/ios"
  facebook_app_events:
    :path: ".symlinks/plugins/facebook_app_events/ios"
  Flutter:
    :path: Flutter
  image_picker:
    :path: ".symlinks/plugins/image_picker/ios"
  jpush_flutter:
    :path: ".symlinks/plugins/jpush_flutter/ios"
  path_provider:
    :path: ".symlinks/plugins/path_provider/ios"
  share:
    :path: ".symlinks/plugins/share/ios"
  shared_preferences:
    :path: ".symlinks/plugins/shared_preferences/ios"
  sqflite:
    :path: ".symlinks/plugins/sqflite/ios"
  stripe_payment:
    :path: ".symlinks/plugins/stripe_payment/ios"
  uni_links:
    :path: ".symlinks/plugins/uni_links/ios"
  url_launcher:
    :path: ".symlinks/plugins/url_launcher/ios"

SPEC CHECKSUMS:
  city_pickers: b0370f4c35c201723b5b7fcce10ec29b59d5bc35
  facebook_app_events: e5757ed18a39c3f9976b9c01838b6bb0e32e14ce
  FBSDKCoreKit: 4afd6ff53d8133a433dbcda44451c9498f8c6ce4
  Flutter: 0e3d915762c693b495b44d77113d4970485de6ec
  FMDB: 2ce00b547f966261cd18927a3ddb07cb6f3db82a
  image_picker: e3eacd46b94694dde7cf2705955cece853aa1a8f
  JCore: d345c049141877eb61c33011455fdb5fcab1673f
  JPush: 41dd48a69bd8c08abc692dc7f2b23c0fb281471f
  jpush_flutter: 69133df35eaf9135e540549b154d992c44f8ee44
  path_provider: fb74bd0465e96b594bb3b5088ee4a4e7bb1f2a9d
  share: bae0a282aab4483288913fc4dc0b935d4b491f2e
  shared_preferences: af6bfa751691cdc24be3045c43ec037377ada40d
  sqflite: 4001a31ff81d210346b500c55b17f4d6c7589dd0
  Stripe: 03313f9520a0786e2c00d9a7a2672c11e08821af
  stripe_payment: 1baf1bbf556f7a35c210dc9e2eccf2075947b6be
  uni_links: d97da20c7701486ba192624d99bffaaffcfc298a
  url_launcher: a1c0cc845906122c4784c542523d8cacbded5626

PODFILE CHECKSUM: ef5b3f4380c7165aee24ab2e3c8d9eff34794a34

COCOAPODS: 1.10.0
